
Microsoft Visual Studio Solution File, Format Version 12.00
# Visual Studio 15
VisualStudioVersion = 15.0.27428.2037
MinimumVisualStudioVersion = 10.0.40219.1
Project("{FAE04EC0-301F-11D3-BF4B-00C04F79EFBC}") = "Cj.EmbeddedApp.DAL", "Cj.AppEmbeddedApp.DAL\Cj.EmbeddedApp.DAL.csproj", "{5B1030AA-96FD-4188-8DEE-08DE0AE39A3E}"
EndProject
Project("{FAE04EC0-301F-11D3-BF4B-00C04F79EFBC}") = "Cj.EmbeddedAPP.BLL", "Cj.EmbeddedAPP.BLL\Cj.EmbeddedAPP.BLL.csproj", "{9EBEE493-050A-4F46-8550-AFF44F355F84}"
EndProject
Project("{FAE04EC0-301F-11D3-BF4B-00C04F79EFBC}") = "Xzy.EmbeddedApp.Utils", "Xzy.EmbeddedApp.Utils\Xzy.EmbeddedApp.Utils.csproj", "{337C6CB5-10E6-4A10-9B56-36C194F98CE9}"
EndProject
Project("{FAE04EC0-301F-11D3-BF4B-00C04F79EFBC}") = "Xzy.EmbeddedApp.Model", "Xzy.EmbeddedApp.Model\Xzy.EmbeddedApp.Model.csproj", "{AA38284F-EE17-4267-933F-D34605A0A55E}"
EndProject
Project("{FAE04EC0-301F-11D3-BF4B-00C04F79EFBC}") = "Xzy.EmbeddedApp", "Xzy.EmbeddedApp\Xzy.EmbeddedApp.csproj", "{90B74ADF-891A-47E2-922C-450BE2271164}"
EndProject
Project("{FAE04EC0-301F-11D3-BF4B-00C04F79EFBC}") = "Xzy.Sockets", "Xzy.Sockets\Xzy.Sockets.csproj", "{39D916FE-2C09-47AB-A5A2-1A23787F20BA}"
EndProject
Project("{FAE04EC0-301F-11D3-BF4B-00C04F79EFBC}") = "SocketTestApp.WinForm", "SocketTestApp.WinForm\SocketTestApp.WinForm.csproj", "{BB15CE54-A8DE-401D-97C9-0A002F362803}"
EndProject
Project("{FAE04EC0-301F-11D3-BF4B-00C04F79EFBC}") = "Xzy.EmbeddedApp.WinForm", "Xzy.EmbeddedApp.WinForm\Xzy.EmbeddedApp.WinForm.csproj", "{BB878439-808F-409C-9106-F975E7A08CEA}"
EndProject
Project("{FAE04EC0-301F-11D3-BF4B-00C04F79EFBC}") = "Wx.EmbeddedApp.WpfTreeView", "Wx.EmbeddedApp.WpfTreeView\Wx.EmbeddedApp.WpfTreeView.csproj", "{813E5B81-826F-4FFE-834C-E4E6193B231A}"
EndProject
Project("{FAE04EC0-301F-11D3-BF4B-00C04F79EFBC}") = "Wx.Qunkong360.Wpf", "Wx.Qunkong360.Wpf\Wx.Qunkong360.Wpf.csproj", "{00121584-C291-4F75-9AEA-B695E2DD399B}"
EndProject
Project("{FAE04EC0-301F-11D3-BF4B-00C04F79EFBC}") = "Wx.Qunkong360.AdblockTest", "Wx.Qunkong360.AdblockTest\Wx.Qunkong360.AdblockTest.csproj", "{2541289F-8A0E-4954-A212-60526D9EDDD3}"
EndProject
Global
	GlobalSection(SolutionConfigurationPlatforms) = preSolution
		Debug|Any CPU = Debug|Any CPU
		Debug|ARM = Debug|ARM
		Debug|Mixed Platforms = Debug|Mixed Platforms
		Debug|x64 = Debug|x64
		Debug|x86 = Debug|x86
		Release|Any CPU = Release|Any CPU
		Release|ARM = Release|ARM
		Release|Mixed Platforms = Release|Mixed Platforms
		Release|x64 = Release|x64
		Release|x86 = Release|x86
	EndGlobalSection
	GlobalSection(ProjectConfigurationPlatforms) = postSolution
		{5B1030AA-96FD-4188-8DEE-08DE0AE39A3E}.Debug|Any CPU.ActiveCfg = Debug|Any CPU
		{5B1030AA-96FD-4188-8DEE-08DE0AE39A3E}.Debug|Any CPU.Build.0 = Debug|Any CPU
		{5B1030AA-96FD-4188-8DEE-08DE0AE39A3E}.Debug|ARM.ActiveCfg = Debug|Any CPU
		{5B1030AA-96FD-4188-8DEE-08DE0AE39A3E}.Debug|ARM.Build.0 = Debug|Any CPU
		{5B1030AA-96FD-4188-8DEE-08DE0AE39A3E}.Debug|Mixed Platforms.ActiveCfg = Debug|Any CPU
		{5B1030AA-96FD-4188-8DEE-08DE0AE39A3E}.Debug|Mixed Platforms.Build.0 = Debug|Any CPU
		{5B1030AA-96FD-4188-8DEE-08DE0AE39A3E}.Debug|x64.ActiveCfg = Debug|Any CPU
		{5B1030AA-96FD-4188-8DEE-08DE0AE39A3E}.Debug|x64.Build.0 = Debug|Any CPU
		{5B1030AA-96FD-4188-8DEE-08DE0AE39A3E}.Debug|x86.ActiveCfg = Debug|Any CPU
		{5B1030AA-96FD-4188-8DEE-08DE0AE39A3E}.Debug|x86.Build.0 = Debug|Any CPU
		{5B1030AA-96FD-4188-8DEE-08DE0AE39A3E}.Release|Any CPU.ActiveCfg = Release|Any CPU
		{5B1030AA-96FD-4188-8DEE-08DE0AE39A3E}.Release|Any CPU.Build.0 = Release|Any CPU
		{5B1030AA-96FD-4188-8DEE-08DE0AE39A3E}.Release|ARM.ActiveCfg = Release|Any CPU
		{5B1030AA-96FD-4188-8DEE-08DE0AE39A3E}.Release|ARM.Build.0 = Release|Any CPU
		{5B1030AA-96FD-4188-8DEE-08DE0AE39A3E}.Release|Mixed Platforms.ActiveCfg = Release|Any CPU
		{5B1030AA-96FD-4188-8DEE-08DE0AE39A3E}.Release|Mixed Platforms.Build.0 = Release|Any CPU
		{5B1030AA-96FD-4188-8DEE-08DE0AE39A3E}.Release|x64.ActiveCfg = Release|Any CPU
		{5B1030AA-96FD-4188-8DEE-08DE0AE39A3E}.Release|x64.Build.0 = Release|Any CPU
		{5B1030AA-96FD-4188-8DEE-08DE0AE39A3E}.Release|x86.ActiveCfg = Release|Any CPU
		{5B1030AA-96FD-4188-8DEE-08DE0AE39A3E}.Release|x86.Build.0 = Release|Any CPU
		{9EBEE493-050A-4F46-8550-AFF44F355F84}.Debug|Any CPU.ActiveCfg = Debug|Any CPU
		{9EBEE493-050A-4F46-8550-AFF44F355F84}.Debug|Any CPU.Build.0 = Debug|Any CPU
		{9EBEE493-050A-4F46-8550-AFF44F355F84}.Debug|ARM.ActiveCfg = Debug|Any CPU
		{9EBEE493-050A-4F46-8550-AFF44F355F84}.Debug|ARM.Build.0 = Debug|Any CPU
		{9EBEE493-050A-4F46-8550-AFF44F355F84}.Debug|Mixed Platforms.ActiveCfg = Debug|Any CPU
		{9EBEE493-050A-4F46-8550-AFF44F355F84}.Debug|Mixed Platforms.Build.0 = Debug|Any CPU
		{9EBEE493-050A-4F46-8550-AFF44F355F84}.Debug|x64.ActiveCfg = Debug|Any CPU
		{9EBEE493-050A-4F46-8550-AFF44F355F84}.Debug|x64.Build.0 = Debug|Any CPU
		{9EBEE493-050A-4F46-8550-AFF44F355F84}.Debug|x86.ActiveCfg = Debug|Any CPU
		{9EBEE493-050A-4F46-8550-AFF44F355F84}.Debug|x86.Build.0 = Debug|Any CPU
		{9EBEE493-050A-4F46-8550-AFF44F355F84}.Release|Any CPU.ActiveCfg = Release|Any CPU
		{9EBEE493-050A-4F46-8550-AFF44F355F84}.Release|Any CPU.Build.0 = Release|Any CPU
		{9EBEE493-050A-4F46-8550-AFF44F355F84}.Release|ARM.ActiveCfg = Release|Any CPU
		{9EBEE493-050A-4F46-8550-AFF44F355F84}.Release|ARM.Build.0 = Release|Any CPU
		{9EBEE493-050A-4F46-8550-AFF44F355F84}.Release|Mixed Platforms.ActiveCfg = Release|Any CPU
		{9EBEE493-050A-4F46-8550-AFF44F355F84}.Release|Mixed Platforms.Build.0 = Release|Any CPU
		{9EBEE493-050A-4F46-8550-AFF44F355F84}.Release|x64.ActiveCfg = Release|Any CPU
		{9EBEE493-050A-4F46-8550-AFF44F355F84}.Release|x64.Build.0 = Release|Any CPU
		{9EBEE493-050A-4F46-8550-AFF44F355F84}.Release|x86.ActiveCfg = Release|Any CPU
		{9EBEE493-050A-4F46-8550-AFF44F355F84}.Release|x86.Build.0 = Release|Any CPU
		{337C6CB5-10E6-4A10-9B56-36C194F98CE9}.Debug|Any CPU.ActiveCfg = Debug|Any CPU
		{337C6CB5-10E6-4A10-9B56-36C194F98CE9}.Debug|Any CPU.Build.0 = Debug|Any CPU
		{337C6CB5-10E6-4A10-9B56-36C194F98CE9}.Debug|ARM.ActiveCfg = Debug|Any CPU
		{337C6CB5-10E6-4A10-9B56-36C194F98CE9}.Debug|ARM.Build.0 = Debug|Any CPU
		{337C6CB5-10E6-4A10-9B56-36C194F98CE9}.Debug|Mixed Platforms.ActiveCfg = Debug|Any CPU
		{337C6CB5-10E6-4A10-9B56-36C194F98CE9}.Debug|Mixed Platforms.Build.0 = Debug|Any CPU
		{337C6CB5-10E6-4A10-9B56-36C194F98CE9}.Debug|x64.ActiveCfg = Debug|Any CPU
		{337C6CB5-10E6-4A10-9B56-36C194F98CE9}.Debug|x64.Build.0 = Debug|Any CPU
		{337C6CB5-10E6-4A10-9B56-36C194F98CE9}.Debug|x86.ActiveCfg = Debug|Any CPU
		{337C6CB5-10E6-4A10-9B56-36C194F98CE9}.Debug|x86.Build.0 = Debug|Any CPU
		{337C6CB5-10E6-4A10-9B56-36C194F98CE9}.Release|Any CPU.ActiveCfg = Release|Any CPU
		{337C6CB5-10E6-4A10-9B56-36C194F98CE9}.Release|Any CPU.Build.0 = Release|Any CPU
		{337C6CB5-10E6-4A10-9B56-36C194F98CE9}.Release|ARM.ActiveCfg = Release|Any CPU
		{337C6CB5-10E6-4A10-9B56-36C194F98CE9}.Release|ARM.Build.0 = Release|Any CPU
		{337C6CB5-10E6-4A10-9B56-36C194F98CE9}.Release|Mixed Platforms.ActiveCfg = Release|Any CPU
		{337C6CB5-10E6-4A10-9B56-36C194F98CE9}.Release|Mixed Platforms.Build.0 = Release|Any CPU
		{337C6CB5-10E6-4A10-9B56-36C194F98CE9}.Release|x64.ActiveCfg = Release|Any CPU
		{337C6CB5-10E6-4A10-9B56-36C194F98CE9}.Release|x64.Build.0 = Release|Any CPU
		{337C6CB5-10E6-4A10-9B56-36C194F98CE9}.Release|x86.ActiveCfg = Release|Any CPU
		{337C6CB5-10E6-4A10-9B56-36C194F98CE9}.Release|x86.Build.0 = Release|Any CPU
		{AA38284F-EE17-4267-933F-D34605A0A55E}.Debug|Any CPU.ActiveCfg = Debug|Any CPU
		{AA38284F-EE17-4267-933F-D34605A0A55E}.Debug|Any CPU.Build.0 = Debug|Any CPU
		{AA38284F-EE17-4267-933F-D34605A0A55E}.Debug|ARM.ActiveCfg = Debug|Any CPU
		{AA38284F-EE17-4267-933F-D34605A0A55E}.Debug|ARM.Build.0 = Debug|Any CPU
		{AA38284F-EE17-4267-933F-D34605A0A55E}.Debug|Mixed Platforms.ActiveCfg = Debug|Any CPU
		{AA38284F-EE17-4267-933F-D34605A0A55E}.Debug|Mixed Platforms.Build.0 = Debug|Any CPU
		{AA38284F-EE17-4267-933F-D34605A0A55E}.Debug|x64.ActiveCfg = Debug|Any CPU
		{AA38284F-EE17-4267-933F-D34605A0A55E}.Debug|x64.Build.0 = Debug|Any CPU
		{AA38284F-EE17-4267-933F-D34605A0A55E}.Debug|x86.ActiveCfg = Debug|Any CPU
		{AA38284F-EE17-4267-933F-D34605A0A55E}.Debug|x86.Build.0 = Debug|Any CPU
		{AA38284F-EE17-4267-933F-D34605A0A55E}.Release|Any CPU.ActiveCfg = Release|Any CPU
		{AA38284F-EE17-4267-933F-D34605A0A55E}.Release|Any CPU.Build.0 = Release|Any CPU
		{AA38284F-EE17-4267-933F-D34605A0A55E}.Release|ARM.ActiveCfg = Release|Any CPU
		{AA38284F-EE17-4267-933F-D34605A0A55E}.Release|ARM.Build.0 = Release|Any CPU
		{AA38284F-EE17-4267-933F-D34605A0A55E}.Release|Mixed Platforms.ActiveCfg = Release|Any CPU
		{AA38284F-EE17-4267-933F-D34605A0A55E}.Release|Mixed Platforms.Build.0 = Release|Any CPU
		{AA38284F-EE17-4267-933F-D34605A0A55E}.Release|x64.ActiveCfg = Release|Any CPU
		{AA38284F-EE17-4267-933F-D34605A0A55E}.Release|x64.Build.0 = Release|Any CPU
		{AA38284F-EE17-4267-933F-D34605A0A55E}.Release|x86.ActiveCfg = Release|Any CPU
		{AA38284F-EE17-4267-933F-D34605A0A55E}.Release|x86.Build.0 = Release|Any CPU
		{90B74ADF-891A-47E2-922C-450BE2271164}.Debug|Any CPU.ActiveCfg = Debug|Any CPU
		{90B74ADF-891A-47E2-922C-450BE2271164}.Debug|Any CPU.Build.0 = Debug|Any CPU
		{90B74ADF-891A-47E2-922C-450BE2271164}.Debug|ARM.ActiveCfg = Debug|Any CPU
		{90B74ADF-891A-47E2-922C-450BE2271164}.Debug|ARM.Build.0 = Debug|Any CPU
		{90B74ADF-891A-47E2-922C-450BE2271164}.Debug|Mixed Platforms.ActiveCfg = Debug|Any CPU
		{90B74ADF-891A-47E2-922C-450BE2271164}.Debug|Mixed Platforms.Build.0 = Debug|Any CPU
		{90B74ADF-891A-47E2-922C-450BE2271164}.Debug|x64.ActiveCfg = Debug|Any CPU
		{90B74ADF-891A-47E2-922C-450BE2271164}.Debug|x64.Build.0 = Debug|Any CPU
		{90B74ADF-891A-47E2-922C-450BE2271164}.Debug|x86.ActiveCfg = Debug|Any CPU
		{90B74ADF-891A-47E2-922C-450BE2271164}.Debug|x86.Build.0 = Debug|Any CPU
		{90B74ADF-891A-47E2-922C-450BE2271164}.Release|Any CPU.ActiveCfg = Release|Any CPU
		{90B74ADF-891A-47E2-922C-450BE2271164}.Release|Any CPU.Build.0 = Release|Any CPU
		{90B74ADF-891A-47E2-922C-450BE2271164}.Release|ARM.ActiveCfg = Release|Any CPU
		{90B74ADF-891A-47E2-922C-450BE2271164}.Release|ARM.Build.0 = Release|Any CPU
		{90B74ADF-891A-47E2-922C-450BE2271164}.Release|Mixed Platforms.ActiveCfg = Release|Any CPU
		{90B74ADF-891A-47E2-922C-450BE2271164}.Release|Mixed Platforms.Build.0 = Release|Any CPU
		{90B74ADF-891A-47E2-922C-450BE2271164}.Release|x64.ActiveCfg = Release|Any CPU
		{90B74ADF-891A-47E2-922C-450BE2271164}.Release|x64.Build.0 = Release|Any CPU
		{90B74ADF-891A-47E2-922C-450BE2271164}.Release|x86.ActiveCfg = Release|Any CPU
		{90B74ADF-891A-47E2-922C-450BE2271164}.Release|x86.Build.0 = Release|Any CPU
		{39D916FE-2C09-47AB-A5A2-1A23787F20BA}.Debug|Any CPU.ActiveCfg = Debug|Any CPU
		{39D916FE-2C09-47AB-A5A2-1A23787F20BA}.Debug|Any CPU.Build.0 = Debug|Any CPU
		{39D916FE-2C09-47AB-A5A2-1A23787F20BA}.Debug|ARM.ActiveCfg = Debug|Any CPU
		{39D916FE-2C09-47AB-A5A2-1A23787F20BA}.Debug|ARM.Build.0 = Debug|Any CPU
		{39D916FE-2C09-47AB-A5A2-1A23787F20BA}.Debug|Mixed Platforms.ActiveCfg = Debug|Any CPU
		{39D916FE-2C09-47AB-A5A2-1A23787F20BA}.Debug|Mixed Platforms.Build.0 = Debug|Any CPU
		{39D916FE-2C09-47AB-A5A2-1A23787F20BA}.Debug|x64.ActiveCfg = Debug|Any CPU
		{39D916FE-2C09-47AB-A5A2-1A23787F20BA}.Debug|x64.Build.0 = Debug|Any CPU
		{39D916FE-2C09-47AB-A5A2-1A23787F20BA}.Debug|x86.ActiveCfg = Debug|Any CPU
		{39D916FE-2C09-47AB-A5A2-1A23787F20BA}.Debug|x86.Build.0 = Debug|Any CPU
		{39D916FE-2C09-47AB-A5A2-1A23787F20BA}.Release|Any CPU.ActiveCfg = Release|Any CPU
		{39D916FE-2C09-47AB-A5A2-1A23787F20BA}.Release|Any CPU.Build.0 = Release|Any CPU
		{39D916FE-2C09-47AB-A5A2-1A23787F20BA}.Release|ARM.ActiveCfg = Release|Any CPU
		{39D916FE-2C09-47AB-A5A2-1A23787F20BA}.Release|ARM.Build.0 = Release|Any CPU
		{39D916FE-2C09-47AB-A5A2-1A23787F20BA}.Release|Mixed Platforms.ActiveCfg = Release|Any CPU
		{39D916FE-2C09-47AB-A5A2-1A23787F20BA}.Release|Mixed Platforms.Build.0 = Release|Any CPU
		{39D916FE-2C09-47AB-A5A2-1A23787F20BA}.Release|x64.ActiveCfg = Release|Any CPU
		{39D916FE-2C09-47AB-A5A2-1A23787F20BA}.Release|x64.Build.0 = Release|Any CPU
		{39D916FE-2C09-47AB-A5A2-1A23787F20BA}.Release|x86.ActiveCfg = Release|Any CPU
		{39D916FE-2C09-47AB-A5A2-1A23787F20BA}.Release|x86.Build.0 = Release|Any CPU
		{BB15CE54-A8DE-401D-97C9-0A002F362803}.Debug|Any CPU.ActiveCfg = Debug|Any CPU
		{BB15CE54-A8DE-401D-97C9-0A002F362803}.Debug|Any CPU.Build.0 = Debug|Any CPU
		{BB15CE54-A8DE-401D-97C9-0A002F362803}.Debug|ARM.ActiveCfg = Debug|Any CPU
		{BB15CE54-A8DE-401D-97C9-0A002F362803}.Debug|ARM.Build.0 = Debug|Any CPU
		{BB15CE54-A8DE-401D-97C9-0A002F362803}.Debug|Mixed Platforms.ActiveCfg = Debug|Any CPU
		{BB15CE54-A8DE-401D-97C9-0A002F362803}.Debug|Mixed Platforms.Build.0 = Debug|Any CPU
		{BB15CE54-A8DE-401D-97C9-0A002F362803}.Debug|x64.ActiveCfg = Debug|Any CPU
		{BB15CE54-A8DE-401D-97C9-0A002F362803}.Debug|x64.Build.0 = Debug|Any CPU
		{BB15CE54-A8DE-401D-97C9-0A002F362803}.Debug|x86.ActiveCfg = Debug|Any CPU
		{BB15CE54-A8DE-401D-97C9-0A002F362803}.Debug|x86.Build.0 = Debug|Any CPU
		{BB15CE54-A8DE-401D-97C9-0A002F362803}.Release|Any CPU.ActiveCfg = Release|Any CPU
		{BB15CE54-A8DE-401D-97C9-0A002F362803}.Release|Any CPU.Build.0 = Release|Any CPU
		{BB15CE54-A8DE-401D-97C9-0A002F362803}.Release|ARM.ActiveCfg = Release|Any CPU
		{BB15CE54-A8DE-401D-97C9-0A002F362803}.Release|ARM.Build.0 = Release|Any CPU
		{BB15CE54-A8DE-401D-97C9-0A002F362803}.Release|Mixed Platforms.ActiveCfg = Release|Any CPU
		{BB15CE54-A8DE-401D-97C9-0A002F362803}.Release|Mixed Platforms.Build.0 = Release|Any CPU
		{BB15CE54-A8DE-401D-97C9-0A002F362803}.Release|x64.ActiveCfg = Release|Any CPU
		{BB15CE54-A8DE-401D-97C9-0A002F362803}.Release|x64.Build.0 = Release|Any CPU
		{BB15CE54-A8DE-401D-97C9-0A002F362803}.Release|x86.ActiveCfg = Release|Any CPU
		{BB15CE54-A8DE-401D-97C9-0A002F362803}.Release|x86.Build.0 = Release|Any CPU
		{BB878439-808F-409C-9106-F975E7A08CEA}.Debug|Any CPU.ActiveCfg = Debug|x86
		{BB878439-808F-409C-9106-F975E7A08CEA}.Debug|ARM.ActiveCfg = Debug|x86
		{BB878439-808F-409C-9106-F975E7A08CEA}.Debug|Mixed Platforms.ActiveCfg = Debug|x86
		{BB878439-808F-409C-9106-F975E7A08CEA}.Debug|Mixed Platforms.Build.0 = Debug|x86
		{BB878439-808F-409C-9106-F975E7A08CEA}.Debug|x64.ActiveCfg = Debug|x86
		{BB878439-808F-409C-9106-F975E7A08CEA}.Debug|x86.ActiveCfg = Debug|x86
		{BB878439-808F-409C-9106-F975E7A08CEA}.Debug|x86.Build.0 = Debug|x86
		{BB878439-808F-409C-9106-F975E7A08CEA}.Release|Any CPU.ActiveCfg = Release|x86
		{BB878439-808F-409C-9106-F975E7A08CEA}.Release|ARM.ActiveCfg = Release|x86
		{BB878439-808F-409C-9106-F975E7A08CEA}.Release|Mixed Platforms.ActiveCfg = Release|x86
		{BB878439-808F-409C-9106-F975E7A08CEA}.Release|Mixed Platforms.Build.0 = Release|x86
		{BB878439-808F-409C-9106-F975E7A08CEA}.Release|x64.ActiveCfg = Release|x86
		{BB878439-808F-409C-9106-F975E7A08CEA}.Release|x86.ActiveCfg = Release|x86
		{BB878439-808F-409C-9106-F975E7A08CEA}.Release|x86.Build.0 = Release|x86
		{813E5B81-826F-4FFE-834C-E4E6193B231A}.Debug|Any CPU.ActiveCfg = Debug|Any CPU
		{813E5B81-826F-4FFE-834C-E4E6193B231A}.Debug|Any CPU.Build.0 = Debug|Any CPU
		{813E5B81-826F-4FFE-834C-E4E6193B231A}.Debug|ARM.ActiveCfg = Debug|Any CPU
		{813E5B81-826F-4FFE-834C-E4E6193B231A}.Debug|ARM.Build.0 = Debug|Any CPU
		{813E5B81-826F-4FFE-834C-E4E6193B231A}.Debug|Mixed Platforms.ActiveCfg = Debug|Any CPU
		{813E5B81-826F-4FFE-834C-E4E6193B231A}.Debug|Mixed Platforms.Build.0 = Debug|Any CPU
		{813E5B81-826F-4FFE-834C-E4E6193B231A}.Debug|x64.ActiveCfg = Debug|Any CPU
		{813E5B81-826F-4FFE-834C-E4E6193B231A}.Debug|x64.Build.0 = Debug|Any CPU
		{813E5B81-826F-4FFE-834C-E4E6193B231A}.Debug|x86.ActiveCfg = Debug|Any CPU
		{813E5B81-826F-4FFE-834C-E4E6193B231A}.Debug|x86.Build.0 = Debug|Any CPU
		{813E5B81-826F-4FFE-834C-E4E6193B231A}.Release|Any CPU.ActiveCfg = Release|Any CPU
		{813E5B81-826F-4FFE-834C-E4E6193B231A}.Release|Any CPU.Build.0 = Release|Any CPU
		{813E5B81-826F-4FFE-834C-E4E6193B231A}.Release|ARM.ActiveCfg = Release|Any CPU
		{813E5B81-826F-4FFE-834C-E4E6193B231A}.Release|ARM.Build.0 = Release|Any CPU
		{813E5B81-826F-4FFE-834C-E4E6193B231A}.Release|Mixed Platforms.ActiveCfg = Release|Any CPU
		{813E5B81-826F-4FFE-834C-E4E6193B231A}.Release|Mixed Platforms.Build.0 = Release|Any CPU
		{813E5B81-826F-4FFE-834C-E4E6193B231A}.Release|x64.ActiveCfg = Release|Any CPU
		{813E5B81-826F-4FFE-834C-E4E6193B231A}.Release|x64.Build.0 = Release|Any CPU
		{813E5B81-826F-4FFE-834C-E4E6193B231A}.Release|x86.ActiveCfg = Release|Any CPU
		{813E5B81-826F-4FFE-834C-E4E6193B231A}.Release|x86.Build.0 = Release|Any CPU
		{00121584-C291-4F75-9AEA-B695E2DD399B}.Debug|Any CPU.ActiveCfg = Debug|Any CPU
		{00121584-C291-4F75-9AEA-B695E2DD399B}.Debug|Any CPU.Build.0 = Debug|Any CPU
		{00121584-C291-4F75-9AEA-B695E2DD399B}.Debug|ARM.ActiveCfg = Debug|Any CPU
		{00121584-C291-4F75-9AEA-B695E2DD399B}.Debug|ARM.Build.0 = Debug|Any CPU
		{00121584-C291-4F75-9AEA-B695E2DD399B}.Debug|Mixed Platforms.ActiveCfg = Debug|Any CPU
		{00121584-C291-4F75-9AEA-B695E2DD399B}.Debug|Mixed Platforms.Build.0 = Debug|Any CPU
		{00121584-C291-4F75-9AEA-B695E2DD399B}.Debug|x64.ActiveCfg = Debug|Any CPU
		{00121584-C291-4F75-9AEA-B695E2DD399B}.Debug|x64.Build.0 = Debug|Any CPU
		{00121584-C291-4F75-9AEA-B695E2DD399B}.Debug|x86.ActiveCfg = Debug|Any CPU
		{00121584-C291-4F75-9AEA-B695E2DD399B}.Debug|x86.Build.0 = Debug|Any CPU
		{00121584-C291-4F75-9AEA-B695E2DD399B}.Release|Any CPU.ActiveCfg = Release|Any CPU
		{00121584-C291-4F75-9AEA-B695E2DD399B}.Release|Any CPU.Build.0 = Release|Any CPU
		{00121584-C291-4F75-9AEA-B695E2DD399B}.Release|ARM.ActiveCfg = Release|Any CPU
		{00121584-C291-4F75-9AEA-B695E2DD399B}.Release|ARM.Build.0 = Release|Any CPU
		{00121584-C291-4F75-9AEA-B695E2DD399B}.Release|Mixed Platforms.ActiveCfg = Release|Any CPU
		{00121584-C291-4F75-9AEA-B695E2DD399B}.Release|Mixed Platforms.Build.0 = Release|Any CPU
		{00121584-C291-4F75-9AEA-B695E2DD399B}.Release|x64.ActiveCfg = Release|Any CPU
		{00121584-C291-4F75-9AEA-B695E2DD399B}.Release|x64.Build.0 = Release|Any CPU
		{00121584-C291-4F75-9AEA-B695E2DD399B}.Release|x86.ActiveCfg = Release|Any CPU
		{00121584-C291-4F75-9AEA-B695E2DD399B}.Release|x86.Build.0 = Release|Any CPU
		{2541289F-8A0E-4954-A212-60526D9EDDD3}.Debug|Any CPU.ActiveCfg = Debug|Any CPU
		{2541289F-8A0E-4954-A212-60526D9EDDD3}.Debug|Any CPU.Build.0 = Debug|Any CPU
		{2541289F-8A0E-4954-A212-60526D9EDDD3}.Debug|ARM.ActiveCfg = Debug|Any CPU
		{2541289F-8A0E-4954-A212-60526D9EDDD3}.Debug|ARM.Build.0 = Debug|Any CPU
		{2541289F-8A0E-4954-A212-60526D9EDDD3}.Debug|Mixed Platforms.ActiveCfg = Debug|Any CPU
		{2541289F-8A0E-4954-A212-60526D9EDDD3}.Debug|Mixed Platforms.Build.0 = Debug|Any CPU
		{2541289F-8A0E-4954-A212-60526D9EDDD3}.Debug|x64.ActiveCfg = Debug|Any CPU
		{2541289F-8A0E-4954-A212-60526D9EDDD3}.Debug|x64.Build.0 = Debug|Any CPU
		{2541289F-8A0E-4954-A212-60526D9EDDD3}.Debug|x86.ActiveCfg = Debug|Any CPU
		{2541289F-8A0E-4954-A212-60526D9EDDD3}.Debug|x86.Build.0 = Debug|Any CPU
		{2541289F-8A0E-4954-A212-60526D9EDDD3}.Release|Any CPU.ActiveCfg = Release|Any CPU
		{2541289F-8A0E-4954-A212-60526D9EDDD3}.Release|Any CPU.Build.0 = Release|Any CPU
		{2541289F-8A0E-4954-A212-60526D9EDDD3}.Release|ARM.ActiveCfg = Release|Any CPU
		{2541289F-8A0E-4954-A212-60526D9EDDD3}.Release|ARM.Build.0 = Release|Any CPU
		{2541289F-8A0E-4954-A212-60526D9EDDD3}.Release|Mixed Platforms.ActiveCfg = Release|Any CPU
		{2541289F-8A0E-4954-A212-60526D9EDDD3}.Release|Mixed Platforms.Build.0 = Release|Any CPU
		{2541289F-8A0E-4954-A212-60526D9EDDD3}.Release|x64.ActiveCfg = Release|Any CPU
		{2541289F-8A0E-4954-A212-60526D9EDDD3}.Release|x64.Build.0 = Release|Any CPU
		{2541289F-8A0E-4954-A212-60526D9EDDD3}.Release|x86.ActiveCfg = Release|Any CPU
		{2541289F-8A0E-4954-A212-60526D9EDDD3}.Release|x86.Build.0 = Release|Any CPU
	EndGlobalSection
	GlobalSection(SolutionProperties) = preSolution
		HideSolutionNode = FALSE
	EndGlobalSection
	GlobalSection(ExtensibilityGlobals) = postSolution
		SolutionGuid = {20055604-68D1-42D8-95AA-C6DCB8376745}
	EndGlobalSection
EndGlobal
